github.com/go-kratos/kratos/v2 v2.8.0 h1:qr27WRTRrI3o4jzJzNKf4XVVoMYIqnQD+4ws1C46yhM=
github.com/go-kratos/kratos/v2 v2.8.0/go.mod h1:+Vfe3FzF0d+BfMdajA11jT0rAyJWublRE/seZQNZVxE=
github.com/robfig/cron/v3 v3.0.1 h1:WdRxkvbJztn8LMz/QEvLN5sBU+xKpSqwwUO1Pjr4qDs=
github.com/robfig/cron/v3 v3.0.1/go.mod h1:eQICP3HwyT7UooqI/z+Ov+PtYAWygg1TEWWzGIFLtro=
golang.org/x/sync v0.7.0 h1:YsImfSBoP9QPYL0xyKJPq0gcaJdG3rInoqxTWbfQu9M=
golang.org/x/sync v0.7.0/go.mod h1:Czt+wKu1gCyEFDUtn0jG5QVvpJ6rzVqr5aXyt9drQfk=
